
Microsoft Visual Studio Solution File, Format Version 12.00
# Visual Studio Version 16
VisualStudioVersion = 16.0.31624.102
MinimumVisualStudioVersion = 10.0.40219.1
Project("{9A19103F-16F7-4668-BE54-9A1E7A4F7556}") = "TaskService", "TaskService.csproj", "{434FC8C7-B55E-4445-8C7F-6A8557755620}"
EndProject
Project("{FAE04EC0-301F-11D3-BF4B-00C04F79EFBC}") = "User Back-End", "..\User Back-End\User Back-End.csproj", "{1C7EE388-BC38-4A9C-A7C0-6280AD8D0A88}"
EndProject
Global
	GlobalSection(SolutionConfigurationPlatforms) = preSolution
		Debug|Any CPU = Debug|Any CPU
		Release|Any CPU = Release|Any CPU
	EndGlobalSection
	GlobalSection(ProjectConfigurationPlatforms) = postSolution
		{434FC8C7-B55E-4445-8C7F-6A8557755620}.Debug|Any CPU.ActiveCfg = Debug|Any CPU
		{434FC8C7-B55E-4445-8C7F-6A8557755620}.Debug|Any CPU.Build.0 = Debug|Any CPU
		{434FC8C7-B55E-4445-8C7F-6A8557755620}.Release|Any CPU.ActiveCfg = Release|Any CPU
		{434FC8C7-B55E-4445-8C7F-6A8557755620}.Release|Any CPU.Build.0 = Release|Any CPU
		{1C7EE388-BC38-4A9C-A7C0-6280AD8D0A88}.Debug|Any CPU.ActiveCfg = Debug|Any CPU
		{1C7EE388-BC38-4A9C-A7C0-6280AD8D0A88}.Debug|Any CPU.Build.0 = Debug|Any CPU
		{1C7EE388-BC38-4A9C-A7C0-6280AD8D0A88}.Release|Any CPU.ActiveCfg = Release|Any CPU
		{1C7EE388-BC38-4A9C-A7C0-6280AD8D0A88}.Release|Any CPU.Build.0 = Release|Any CPU
	EndGlobalSection
	GlobalSection(SolutionProperties) = preSolution
		HideSolutionNode = FALSE
	EndGlobalSection
	GlobalSection(ExtensibilityGlobals) = postSolution
		SolutionGuid = {159746EB-8829-46ED-9A29-950676C018CC}
	EndGlobalSection
EndGlobal
